
Microsoft Visual Studio Solution File, Format Version 12.00
# Visual Studio Version 17
VisualStudioVersion = 17.9.34616.47
MinimumVisualStudioVersion = 10.0.40219.1
Project("{9A19103F-16F7-4668-BE54-9A1E7A4F7556}") = "UI_Tier", "UI_Tier\UI_Tier.csproj", "{F2577AAE-DA46-4DD6-82B0-C88FB12A2D8C}"
EndProject
Project("{9A19103F-16F7-4668-BE54-9A1E7A4F7556}") = "Connector_Tier", "Connector_Tier\Connector_Tier.csproj", "{A280D8B9-86C3-4003-B567-6A49A08C2D3F}"
EndProject
Project("{9A19103F-16F7-4668-BE54-9A1E7A4F7556}") = "Bus_Tier", "Bus_Tier\Bus_Tier.csproj", "{DE632634-D63F-47D5-83BD-CA7EBC8A84FC}"
EndProject
Project("{9A19103F-16F7-4668-BE54-9A1E7A4F7556}") = "Models", "Models\Models.csproj", "{CC752BA7-D714-44EE-A56C-4A49C8D6C065}"
EndProject
Global
	GlobalSection(SolutionConfigurationPlatforms) = preSolution
		Debug|Any CPU = Debug|Any CPU
		Release|Any CPU = Release|Any CPU
	EndGlobalSection
	GlobalSection(ProjectConfigurationPlatforms) = postSolution
		{F2577AAE-DA46-4DD6-82B0-C88FB12A2D8C}.Debug|Any CPU.ActiveCfg = Debug|Any CPU
		{F2577AAE-DA46-4DD6-82B0-C88FB12A2D8C}.Debug|Any CPU.Build.0 = Debug|Any CPU
		{F2577AAE-DA46-4DD6-82B0-C88FB12A2D8C}.Release|Any CPU.ActiveCfg = Release|Any CPU
		{F2577AAE-DA46-4DD6-82B0-C88FB12A2D8C}.Release|Any CPU.Build.0 = Release|Any CPU
		{A280D8B9-86C3-4003-B567-6A49A08C2D3F}.Debug|Any CPU.ActiveCfg = Debug|Any CPU
		{A280D8B9-86C3-4003-B567-6A49A08C2D3F}.Debug|Any CPU.Build.0 = Debug|Any CPU
		{A280D8B9-86C3-4003-B567-6A49A08C2D3F}.Release|Any CPU.ActiveCfg = Release|Any CPU
		{A280D8B9-86C3-4003-B567-6A49A08C2D3F}.Release|Any CPU.Build.0 = Release|Any CPU
		{DE632634-D63F-47D5-83BD-CA7EBC8A84FC}.Debug|Any CPU.ActiveCfg = Debug|Any CPU
		{DE632634-D63F-47D5-83BD-CA7EBC8A84FC}.Debug|Any CPU.Build.0 = Debug|Any CPU
		{DE632634-D63F-47D5-83BD-CA7EBC8A84FC}.Release|Any CPU.ActiveCfg = Release|Any CPU
		{DE632634-D63F-47D5-83BD-CA7EBC8A84FC}.Release|Any CPU.Build.0 = Release|Any CPU
		{CC752BA7-D714-44EE-A56C-4A49C8D6C065}.Debug|Any CPU.ActiveCfg = Debug|Any CPU
		{CC752BA7-D714-44EE-A56C-4A49C8D6C065}.Debug|Any CPU.Build.0 = Debug|Any CPU
		{CC752BA7-D714-44EE-A56C-4A49C8D6C065}.Release|Any CPU.ActiveCfg = Release|Any CPU
		{CC752BA7-D714-44EE-A56C-4A49C8D6C065}.Release|Any CPU.Build.0 = Release|Any CPU
	EndGlobalSection
	GlobalSection(SolutionProperties) = preSolution
		HideSolutionNode = FALSE
	EndGlobalSection
	GlobalSection(ExtensibilityGlobals) = postSolution
		SolutionGuid = {A6E8376C-AA0C-4AE5-AA6F-86CCA55A3864}
	EndGlobalSection
EndGlobal
